// !$*UTF8*$!
{
	archiveVersion = 1;
	classes = {
	};
	objectVersion = 50;
	objects = {

/* Begin PBXBuildFile section */
		BAD2465825B5005100DB9D21 /* AppDelegate.swift in Sources */ = {isa = PBXBuildFile; fileRef = BAD2465725B5005100DB9D21 /* AppDelegate.swift */; };
		BAD2465A25B5005100DB9D21 /* SceneDelegate.swift in Sources */ = {isa = PBXBuildFile; fileRef = BAD2465925B5005100DB9D21 /* SceneDelegate.swift */; };
		BAD2465C25B5005100DB9D21 /* ViewController.swift in Sources */ = {isa = PBXBuildFile; fileRef = BAD2465B25B5005100DB9D21 /* ViewController.swift */; };
		BAD2465F25B5005100DB9D21 /* Main.storyboard in Resources */ = {isa = PBXBuildFile; fileRef = BAD2465D25B5005100DB9D21 /* Main.storyboard */; };
		BAD2466125B5005700DB9D21 /* Assets.xcassets in Resources */ = {isa = PBXBuildFile; fileRef = BAD2466025B5005700DB9D21 /* Assets.xcassets */; };
		BAD2466425B5005700DB9D21 /* LaunchScreen.storyboard in Resources */ = {isa = PBXBuildFile; fileRef = BAD2466225B5005700DB9D21 /* LaunchScreen.storyboard */; };
		BAD2466F25B50CD100DB9D21 /* AnimationVC.swift in Sources */ = {isa = PBXBuildFile; fileRef = BAD2466E25B50CD100DB9D21 /* AnimationVC.swift */; };
		BAD2467225B51E9700DB9D21 /* CircleVC.swift in Sources */ = {isa = PBXBuildFile; fileRef = BAD2467125B51E9700DB9D21 /* CircleVC.swift */; };
/* End PBXBuildFile section */

/* Begin PBXFileReference section */
		BAD2465425B5005100DB9D21 /* scrollproject.app */ = {isa = PBXFileReference; explicitFileType = wrapper.application; includeInIndex = 0; path = scrollproject.app; sourceTree = BUILT_PRODUCTS_DIR; };
		BAD2465725B5005100DB9D21 /* AppDelegate.swift */ = {isa = PBXFileReference; lastKnownFileType = sourcecode.swift; path = AppDelegate.swift; sourceTree = "<group>"; };
		BAD2465925B5005100DB9D21 /* SceneDelegate.swift */ = {isa = PBXFileReference; lastKnownFileType = sourcecode.swift; path = SceneDelegate.swift; sourceTree = "<group>"; };
		BAD2465B25B5005100DB9D21 /* ViewController.swift */ = {isa = PBXFileReference; lastKnownFileType = sourcecode.swift; path = ViewController.swift; sourceTree = "<group>"; };
		BAD2465E25B5005100DB9D21 /* Base */ = {isa = PBXFileReference; lastKnownFileType = file.storyboard; name = Base; path = Base.lproj/Main.storyboard; sourceTree = "<group>"; };
		BAD2466025B5005700DB9D21 /* Assets.xcassets */ = {isa = PBXFileReference; lastKnownFileType = folder.assetcatalog; path = Assets.xcassets; sourceTree = "<group>"; };
		BAD2466325B5005700DB9D21 /* Base */ = {isa = PBXFileReference; lastKnownFileType = file.storyboard; name = Base; path = Base.lproj/LaunchScreen.storyboard; sourceTree = "<group>"; };
		BAD2466525B5005700DB9D21 /* Info.plist */ = {isa = PBXFileReference; lastKnownFileType = text.plist.xml; path = Info.plist; sourceTree = "<group>"; };
		BAD2466E25B50CD100DB9D21 /* AnimationVC.swift */ = {isa = PBXFileReference; lastKnownFileType = sourcecode.swift; path = AnimationVC.swift; sourceTree = "<group>"; };
		BAD2467125B51E9700DB9D21 /* CircleVC.swift */ = {isa = PBXFileReference; lastKnownFileType = sourcecode.swift; path = CircleVC.swift; sourceTree = "<group>"; };
/* End PBXFileReference section */

/* Begin PBXFrameworksBuildPhase section */
		BAD2465125B5005100DB9D21 /* Frameworks */ = {
			isa = PBXFrameworksBuildPhase;
			buildActionMask = 2147483647;
			files = (
			);
			runOnlyForDeploymentPostprocessing = 0;
		};
/* End PBXFrameworksBuildPhase section */

/* Begin PBXGroup section */
		BAD2464B25B5005100DB9D21 = {
			isa = PBXGroup;
			children = (
				BAD2465625B5005100DB9D21 /* scrollproject */,
				BAD2465525B5005100DB9D21 /* Products */,
			);
			sourceTree = "<group>";
		};
		BAD2465525B5005100DB9D21 /* Products */ = {
			isa = PBXGroup;
			children = (
				BAD2465425B5005100DB9D21 /* scrollproject.app */,
			);
			name = Products;
			sourceTree = "<group>";
		};
		BAD2465625B5005100DB9D21 /* scrollproject */ = {
			isa = PBXGroup;
			children = (
				BAD2467125B51E9700DB9D21 /* CircleVC.swift */,
				BAD2465725B5005100DB9D21 /* AppDelegate.swift */,
				BAD2465925B5005100DB9D21 /* SceneDelegate.swift */,
				BAD2465B25B5005100DB9D21 /* ViewController.swift */,
				BAD2466E25B50CD100DB9D21 /* AnimationVC.swift */,
				BAD2465D25B5005100DB9D21 /* Main.storyboard */,
				BAD2466025B5005700DB9D21 /* Assets.xcassets */,
				BAD2466225B5005700DB9D21 /* LaunchScreen.storyboard */,
				BAD2466525B5005700DB9D21 /* Info.plist */,
			);
			path = scrollproject;
			sourceTree = "<group>";
		};
/* End PBXGroup section */

/* Begin PBXNativeTarget section */
		BAD2465325B5005100DB9D21 /* scrollproject */ = {
			isa = PBXNativeTarget;
			buildConfigurationList = BAD2466825B5005700DB9D21 /* Build configuration list for PBXNativeTarget "scrollproject" */;
			buildPhases = (
				BAD2465025B5005100DB9D21 /* Sources */,
				BAD2465125B5005100DB9D21 /* Frameworks */,
				BAD2465225B5005100DB9D21 /* Resources */,
			);
			buildRules = (
			);
			dependencies = (
			);
			name = scrollproject;
			productName = scrollproject;
			productReference = BAD2465425B5005100DB9D21 /* scrollproject.app */;
			productType = "com.apple.product-type.application";
		};
/* End PBXNativeTarget section */

/* Begin PBXProject section */
		BAD2464C25B5005100DB9D21 /* Project object */ = {
			isa = PBXProject;
			attributes = {
				LastSwiftUpdateCheck = 1210;
				LastUpgradeCheck = 1210;
				TargetAttributes = {
					BAD2465325B5005100DB9D21 = {
						CreatedOnToolsVersion = 12.1;
					};
				};
			};
			buildConfigurationList = BAD2464F25B5005100DB9D21 /* Build configuration list for PBXProject "scrollproject" */;
			compatibilityVersion = "Xcode 9.3";
			developmentRegion = en;
			hasScannedForEncodings = 0;
			knownRegions = (
				en,
				Base,
			);
			mainGroup = BAD2464B25B5005100DB9D21;
			productRefGroup = BAD2465525B5005100DB9D21 /* Products */;
			projectDirPath = "";
			projectRoot = "";
			targets = (
				BAD2465325B5005100DB9D21 /* scrollproject */,
			);
		};
/* End PBXProject section */

/* Begin PBXResourcesBuildPhase section */
		BAD2465225B5005100DB9D21 /* Resources */ = {
			isa = PBXResourcesBuildPhase;
			buildActionMask = 2147483647;
			files = (
				BAD2466425B5005700DB9D21 /* LaunchScreen.storyboard in Resources */,
				BAD2466125B5005700DB9D21 /* Assets.xcassets in Resources */,
				BAD2465F25B5005100DB9D21 /* Main.storyboard in Resources */,
			);
			runOnlyForDeploymentPostprocessing = 0;
		};
/* End PBXResourcesBuildPhase section */

/* Begin PBXSourcesBuildPhase section */
		BAD2465025B5005100DB9D21 /* Sources */ = {
			isa = PBXSourcesBuildPhase;
			buildActionMask = 2147483647;
			files = (
				BAD2465C25B5005100DB9D21 /* ViewController.swift in Sources */,
				BAD2466F25B50CD100DB9D21 /* AnimationVC.swift in Sources */,
				BAD2465825B5005100DB9D21 /* AppDelegate.swift in Sources */,
				BAD2467225B51E9700DB9D21 /* CircleVC.swift in Sources */,
				BAD2465A25B5005100DB9D21 /* SceneDelegate.swift in Sources */,
			);
			runOnlyForDeploymentPostprocessing = 0;
		};
/* End PBXSourcesBuildPhase section */

/* Begin PBXVariantGroup section */
		BAD2465D25B5005100DB9D21 /* Main.storyboard */ = {
			isa = PBXVariantGroup;
			children = (
				BAD2465E25B5005100DB9D21 /* Base */,
			);
			name = Main.storyboard;
			sourceTree = "<group>";
		};
		BAD2466225B5005700DB9D21 /* LaunchScreen.storyboard */ = {
			isa = PBXVariantGroup;
			children = (
				BAD2466325B5005700DB9D21 /* Base */,
			);
			name = LaunchScreen.storyboard;
			sourceTree = "<group>";
		};
/* End PBXVariantGroup section */

/* Begin XCBuildConfiguration section */
		BAD2466625B5005700DB9D21 /* Debug */ = {
			isa = XCBuildConfiguration;
			buildSettings = {
				ALWAYS_SEARCH_USER_PATHS = NO;
				CLANG_ANALYZER_NONNULL = YES;
				CLANG_ANALYZER_NUMBER_OBJECT_CONVERSION = YES_AGGRESSIVE;
				CLANG_CXX_LANGUAGE_STANDARD = "gnu++14";
				CLANG_CXX_LIBRARY = "libc++";
				CLANG_ENABLE_MODULES = YES;
				CLANG_ENABLE_OBJC_ARC = YES;
				CLANG_ENABLE_OBJC_WEAK = YES;
				CLANG_WARN_BLOCK_CAPTURE_AUTORELEASING = YES;
				CLANG_WARN_BOOL_CONVERSION = YES;
				CLANG_WARN_COMMA = YES;
				CLANG_WARN_CONSTANT_CONVERSION = YES;
				CLANG_WARN_DEPRECATED_OBJC_IMPLEMENTATIONS = YES;
				CLANG_WARN_DIRECT_OBJC_ISA_USAGE = YES_ERROR;
				CLANG_WARN_DOCUMENTATION_COMMENTS = YES;
				CLANG_WARN_EMPTY_BODY = YES;
				CLANG_WARN_ENUM_CONVERSION = YES;
				CLANG_WARN_INFINITE_RECURSION = YES;
				CLANG_WARN_INT_CONVERSION = YES;
				CLANG_WARN_NON_LITERAL_NULL_CONVERSION = YES;
				CLANG_WARN_OBJC_IMPLICIT_RETAIN_SELF = YES;
				CLANG_WARN_OBJC_LITERAL_CONVERSION = YES;
				CLANG_WARN_OBJC_ROOT_CLASS = YES_ERROR;
				CLANG_WARN_QUOTED_INCLUDE_IN_FRAMEWORK_HEADER = YES;
				CLANG_WARN_RANGE_LOOP_ANALYSIS = YES;
				CLANG_WARN_STRICT_PROTOTYPES = YES;
				CLANG_WARN_SUSPICIOUS_MOVE = YES;
				CLANG_WARN_UNGUARDED_AVAILABILITY = YES_AGGRESSIVE;
				CLANG_WARN_UNREACHABLE_CODE = YES;
				CLANG_WARN__DUPLICATE_METHOD_MATCH = YES;
				COPY_PHASE_STRIP = NO;
				DEBUG_INFORMATION_FORMAT = dwarf;
				ENABLE_STRICT_OBJC_MSGSEND = YES;
				ENABLE_TESTABILITY = YES;
				GCC_C_LANGUAGE_STANDARD = gnu11;
				GCC_DYNAMIC_NO_PIC = NO;
				GCC_NO_COMMON_BLOCKS = YES;
				GCC_OPTIMIZATION_LEVEL = 0;
				GCC_PREPROCESSOR_DEFINITIONS = (
					"DEBUG=1",
					"$(inherited)",
				);
				GCC_WARN_64_TO_32_BIT_CONVERSION = YES;
				GCC_WARN_ABOUT_RETURN_TYPE = YES_ERROR;
				GCC_WARN_UNDECLARED_SELECTOR = YES;
				GCC_WARN_UNINITIALIZED_AUTOS = YES_AGGRESSIVE;
				GCC_WARN_UNUSED_FUNCTION = YES;
				GCC_WARN_UNUSED_VARIABLE = YES;
				IPHONEOS_DEPLOYMENT_TARGET = 12.2;
				MTL_ENABLE_DEBUG_INFO = INCLUDE_SOURCE;
				MTL_FAST_MATH = YES;
				ONLY_ACTIVE_ARCH = YES;
				SDKROOT = iphoneos;
				SWIFT_ACTIVE_COMPILATION_CONDITIONS = DEBUG;
				SWIFT_OPTIMIZATION_LEVEL = "-Onone";
			};
			name = Debug;
		};
		BAD2466725B5005700DB9D21 /* Release */ = {
			isa = XCBuildConfiguration;
			buildSettings = {
				ALWAYS_SEARCH_USER_PATHS = NO;
				CLANG_ANALYZER_NONNULL = YES;
				CLANG_ANALYZER_NUMBER_OBJECT_CONVERSION = YES_AGGRESSIVE;
				CLANG_CXX_LANGUAGE_STANDARD = "gnu++14";
				CLANG_CXX_LIBRARY = "libc++";
				CLANG_ENABLE_MODULES = YES;
				CLANG_ENABLE_OBJC_ARC = YES;
				CLANG_ENABLE_OBJC_WEAK = YES;
				CLANG_WARN_BLOCK_CAPTURE_AUTORELEASING = YES;
				CLANG_WARN_BOOL_CONVERSION = YES;
				CLANG_WARN_COMMA = YES;
				CLANG_WARN_CONSTANT_CONVERSION = YES;
				CLANG_WARN_DEPRECATED_OBJC_IMPLEMENTATIONS = YES;
				CLANG_WARN_DIRECT_OBJC_ISA_USAGE = YES_ERROR;
				CLANG_WARN_DOCUMENTATION_COMMENTS = YES;
				CLANG_WARN_EMPTY_BODY = YES;
				CLANG_WARN_ENUM_CONVERSION = YES;
				CLANG_WARN_INFINITE_RECURSION = YES;
				CLANG_WARN_INT_CONVERSION = YES;
				CLANG_WARN_NON_LITERAL_NULL_CONVERSION = YES;
				CLANG_WARN_OBJC_IMPLICIT_RETAIN_SELF = YES;
				CLANG_WARN_OBJC_LITERAL_CONVERSION = YES;
				CLANG_WARN_OBJC_ROOT_CLASS = YES_ERROR;
				CLANG_WARN_QUOTED_INCLUDE_IN_FRAMEWORK_HEADER = YES;
				CLANG_WARN_RANGE_LOOP_ANALYSIS = YES;
				CLANG_WARN_STRICT_PROTOTYPES = YES;
				CLANG_WARN_SUSPICIOUS_MOVE = YES;
				CLANG_WARN_UNGUARDED_AVAILABILITY = YES_AGGRESSIVE;
				CLANG_WARN_UNREACHABLE_CODE = YES;
				CLANG_WARN__DUPLICATE_METHOD_MATCH = YES;
				COPY_PHASE_STRIP = NO;
				DEBUG_INFORMATION_FORMAT = "dwarf-with-dsym";
				ENABLE_NS_ASSERTIONS = NO;
				ENABLE_STRICT_OBJC_MSGSEND = YES;
				GCC_C_LANGUAGE_STANDARD = gnu11;
				GCC_NO_COMMON_BLOCKS = YES;
				GCC_WARN_64_TO_32_BIT_CONVERSION = YES;
				GCC_WARN_ABOUT_RETURN_TYPE = YES_ERROR;
				GCC_WARN_UNDECLARED_SELECTOR = YES;
				GCC_WARN_UNINITIALIZED_AUTOS = YES_AGGRESSIVE;
				GCC_WARN_UNUSED_FUNCTION = YES;
				GCC_WARN_UNUSED_VARIABLE = YES;
				IPHONEOS_DEPLOYMENT_TARGET = 12.2;
				MTL_ENABLE_DEBUG_INFO = NO;
				MTL_FAST_MATH = YES;
				SDKROOT = iphoneos;
				SWIFT_COMPILATION_MODE = wholemodule;
				SWIFT_OPTIMIZATION_LEVEL = "-O";
				VALIDATE_PRODUCT = YES;
			};
			name = Release;
		};
		BAD2466925B5005700DB9D21 /* Debug */ = {
			isa = XCBuildConfiguration;
			buildSettings = {
				ASSETCATALOG_COMPILER_APPICON_NAME = AppIcon;
				ASSETCATALOG_COMPILER_GLOBAL_ACCENT_COLOR_NAME = AccentColor;
				CODE_SIGN_STYLE = Automatic;
				DEVELOPMENT_TEAM = R6KJNXSP42;
				INFOPLIST_FILE = scrollproject/Info.plist;
				LD_RUNPATH_SEARCH_PATHS = (
					"$(inherited)",
					"@executable_path/Frameworks",
				);
				PRODUCT_BUNDLE_IDENTIFIER = A1.scrollproject;
				PRODUCT_NAME = "$(TARGET_NAME)";
				SWIFT_VERSION = 5.0;
				TARGETED_DEVICE_FAMILY = "1,2";
			};
			name = Debug;
		};
		BAD2466A25B5005700DB9D21 /* Release */ = {
			isa = XCBuildConfiguration;
			buildSettings = {
				ASSETCATALOG_COMPILER_APPICON_NAME = AppIcon;
				ASSETCATALOG_COMPILER_GLOBAL_ACCENT_COLOR_NAME = AccentColor;
				CODE_SIGN_STYLE = Automatic;
				DEVELOPMENT_TEAM = R6KJNXSP42;
				INFOPLIST_FILE = scrollproject/Info.plist;
				LD_RUNPATH_SEARCH_PATHS = (
					"$(inherited)",
					"@executable_path/Frameworks",
				);
				PRODUCT_BUNDLE_IDENTIFIER = A1.scrollproject;
				PRODUCT_NAME = "$(TARGET_NAME)";
				SWIFT_VERSION = 5.0;
				TARGETED_DEVICE_FAMILY = "1,2";
			};
			name = Release;
		};
/* End XCBuildConfiguration section */

/* Begin XCConfigurationList section */
		BAD2464F25B5005100DB9D21 /* Build configuration list for PBXProject "scrollproject" */ = {
			isa = XCConfigurationList;
			buildConfigurations = (
				BAD2466625B5005700DB9D21 /* Debug */,
				BAD2466725B5005700DB9D21 /* Release */,
			);
			defaultConfigurationIsVisible = 0;
			defaultConfigurationName = Release;
		};
		BAD2466825B5005700DB9D21 /* Build configuration list for PBXNativeTarget "scrollproject" */ = {
			isa = XCConfigurationList;
			buildConfigurations = (
				BAD2466925B5005700DB9D21 /* Debug */,
				BAD2466A25B5005700DB9D21 /* Release */,
			);
			defaultConfigurationIsVisible = 0;
			defaultConfigurationName = Release;
		};
/* End XCConfigurationList section */
	};
	rootObject = BAD2464C25B5005100DB9D21 /* Project object */;
}
